
Microsoft Visual Studio Solution File, Format Version 12.00
# Visual Studio 15
VisualStudioVersion = 15.0.28307.489
MinimumVisualStudioVersion = 10.0.40219.1
Project("{FAE04EC0-301F-11D3-BF4B-00C04F79EFBC}") = "Server", "Orders_GraphQL\Server.csproj", "{3B5D5EF5-A431-4E6A-94F4-86D77B178F93}"
EndProject
Project("{2150E333-8FDC-42A3-9474-1A3956D46DE8}") = "Solution Items", "Solution Items", "{CF5696A6-39D1-4075-9C59-AC33C634E498}"
	ProjectSection(SolutionItems) = preProject
		nuget.config = nuget.config
	EndProjectSection
EndProject
Project("{FAE04EC0-301F-11D3-BF4B-00C04F79EFBC}") = "Orders", "Orders\Orders.csproj", "{4B714986-E1AB-4C17-AF86-8B0246706CA1}"
EndProject
Global
	GlobalSection(SolutionConfigurationPlatforms) = preSolution
		Debug|Any CPU = Debug|Any CPU
		Release|Any CPU = Release|Any CPU
	EndGlobalSection
	GlobalSection(ProjectConfigurationPlatforms) = postSolution
		{3B5D5EF5-A431-4E6A-94F4-86D77B178F93}.Debug|Any CPU.ActiveCfg = Debug|Any CPU
		{3B5D5EF5-A431-4E6A-94F4-86D77B178F93}.Debug|Any CPU.Build.0 = Debug|Any CPU
		{3B5D5EF5-A431-4E6A-94F4-86D77B178F93}.Release|Any CPU.ActiveCfg = Release|Any CPU
		{3B5D5EF5-A431-4E6A-94F4-86D77B178F93}.Release|Any CPU.Build.0 = Release|Any CPU
		{4B714986-E1AB-4C17-AF86-8B0246706CA1}.Debug|Any CPU.ActiveCfg = Debug|Any CPU
		{4B714986-E1AB-4C17-AF86-8B0246706CA1}.Debug|Any CPU.Build.0 = Debug|Any CPU
		{4B714986-E1AB-4C17-AF86-8B0246706CA1}.Release|Any CPU.ActiveCfg = Release|Any CPU
		{4B714986-E1AB-4C17-AF86-8B0246706CA1}.Release|Any CPU.Build.0 = Release|Any CPU
	EndGlobalSection
	GlobalSection(SolutionProperties) = preSolution
		HideSolutionNode = FALSE
	EndGlobalSection
	GlobalSection(ExtensibilityGlobals) = postSolution
		SolutionGuid = {09E6384E-96D5-419C-9299-2BFFDC742368}
	EndGlobalSection
EndGlobal
